PODS:
  - Alamofire (5.4.3)
  - Realm (10.12.0):
    - Realm/Headers (= 10.12.0)
  - Realm/Headers (10.12.0)
  - RealmSwift (10.12.0):
    - Realm (= 10.12.0)
  - SDWebImage (5.11.1):
    - SDWebImage/Core (= 5.11.1)
  - SDWebImage/Core (5.11.1)
  - SwiftyJSON (5.0.1)

DEPENDENCIES:
  - Alamofire
  - RealmSwift
  - SDWebImage
  - SwiftyJSON

SPEC REPOS:
  trunk:
    - Alamofire
    - Realm
    - RealmSwift
    - SDWebImage
    - SwiftyJSON

SPEC CHECKSUMS:
  Alamofire: e447a2774a40c996748296fa2c55112fdbbc42f9
  Realm: 32488213acb44660539c619d620cec1bac046166
  RealmSwift: 0abdca6231d5ff8a4f84cef9c1121ef95a483faf
  SDWebImage: a7f831e1a65eb5e285e3fb046a23fcfbf08e696d
  SwiftyJSON: 2f33a42c6fbc52764d96f13368585094bfd8aa5e

PODFILE CHECKSUM: 5add63883c7b31f9b23b6fdfd14f8a376ddb49b6

COCOAPODS: 1.10.1
